
Microsoft Visual Studio Solution File, Format Version 12.00
# Visual Studio 15
VisualStudioVersion = 15.0.26730.10
MinimumVisualStudioVersion = 10.0.40219.1
Project("{FAE04EC0-301F-11D3-BF4B-00C04F79EFBC}") = "Isolines3D.UI", "Isolines3D.UI\Isolines3D.UI.csproj", "{C514512C-0385-4AAD-AEB8-047936691A0C}"
EndProject
Project("{FAE04EC0-301F-11D3-BF4B-00C04F79EFBC}") = "Isolines3D.BL", "Isolines3D.BL\Isolines3D.BL.csproj", "{090F7816-C8E1-4352-B668-EC78F1451415}"
EndProject
Global
	GlobalSection(SolutionConfigurationPlatforms) = preSolution
		Debug|Any CPU = Debug|Any CPU
		Release|Any CPU = Release|Any CPU
	EndGlobalSection
	GlobalSection(ProjectConfigurationPlatforms) = postSolution
		{C514512C-0385-4AAD-AEB8-047936691A0C}.Debug|Any CPU.ActiveCfg = Debug|Any CPU
		{C514512C-0385-4AAD-AEB8-047936691A0C}.Debug|Any CPU.Build.0 = Debug|Any CPU
		{C514512C-0385-4AAD-AEB8-047936691A0C}.Release|Any CPU.ActiveCfg = Release|Any CPU
		{C514512C-0385-4AAD-AEB8-047936691A0C}.Release|Any CPU.Build.0 = Release|Any CPU
		{090F7816-C8E1-4352-B668-EC78F1451415}.Debug|Any CPU.ActiveCfg = Debug|Any CPU
		{090F7816-C8E1-4352-B668-EC78F1451415}.Debug|Any CPU.Build.0 = Debug|Any CPU
		{090F7816-C8E1-4352-B668-EC78F1451415}.Release|Any CPU.ActiveCfg = Release|Any CPU
		{090F7816-C8E1-4352-B668-EC78F1451415}.Release|Any CPU.Build.0 = Release|Any CPU
	EndGlobalSection
	GlobalSection(SolutionProperties) = preSolution
		HideSolutionNode = FALSE
	EndGlobalSection
	GlobalSection(ExtensibilityGlobals) = postSolution
		SolutionGuid = {5401A0BD-420D-438E-83AD-434668AA608A}
	EndGlobalSection
EndGlobal
